schema: '2.0'
stages:
  data_ingestion:
    cmd: python3 src/data_ingestion.py
    deps:
    - path: src/data_ingestion.py
      hash: md5
      md5: fb16875f0a59020130d9ae3871b9049e
      size: 3672
    outs:
    - path: data/raw
      hash: md5
      md5: 6a4d11ab83c20d7412f4696595c0b4d1.dir
      size: 479272
      nfiles: 2
  data_preprocessing:
    cmd: python3 src/data_preprocessing.py
    deps:
    - path: data/raw
      hash: md5
      md5: 6a4d11ab83c20d7412f4696595c0b4d1.dir
      size: 479272
      nfiles: 2
    - path: src/data_preprocessing.py
      hash: md5
      md5: 44afc3ca868abe2c4cc36f69888b246b
      size: 3967
    outs:
    - path: data/interim
      hash: md5
      md5: d3f80ea917209a657caed01201ee2780.dir
      size: 254818
      nfiles: 2
  feature_engineering:
    cmd: python3 src/feature_engineering.py
    deps:
    - path: data/interim
      hash: md5
      md5: d3f80ea917209a657caed01201ee2780.dir
      size: 254818
      nfiles: 2
    - path: src/feature_engineering.py
      hash: md5
      md5: 7ec2247612e518bb7f8b90a7ef8414aa
      size: 3120
    outs:
    - path: data/processed
      hash: md5
      md5: 32f834201e1ba3ad9fd18c074659c863.dir
      size: 1174770
      nfiles: 2
  model_building:
    cmd: python3 src/model_building.py
    deps:
    - path: data/processed
      hash: md5
      md5: 32f834201e1ba3ad9fd18c074659c863.dir
      size: 1174770
      nfiles: 2
    - path: src/model_building.py
      hash: md5
      md5: 7a262a7d3cb7932e409af589fed8ef22
      size: 3719
    outs:
    - path: models/model.pkl
      hash: md5
      md5: efa1b3cc3a7d0b0f35510ed98881fb0b
      size: 998488
  model_evaluation:
    cmd: python3 src/model_evaluation.py
    deps:
    - path: models/model.pkl
      hash: md5
      md5: efa1b3cc3a7d0b0f35510ed98881fb0b
      size: 998488
    - path: src/model_evaluation.py
      hash: md5
      md5: f3dbea0372208496d7099b7eb4487029
      size: 3444
    outs:
    - path: reports/metrics.json
      hash: md5
      md5: b5787b27ec5636c84a4468953782b599
      size: 140
