schema: '2.0'
stages:
  data_ingestion:
    cmd: python3 src/data_ingestion.py
    deps:
    - path: src/data_ingestion.py
      hash: md5
      md5: 72f3a983082ecdc153fdac21e6eff56a
      size: 4360
    params:
      params.yaml:
        data_ingestion.test_size: 0.1
    outs:
    - path: data/raw
      hash: md5
      md5: 8bf85f92b1860a8c4361696d1959b27d.dir
      size: 479272
      nfiles: 2
  data_preprocessing:
    cmd: python3 src/data_preprocessing.py
    deps:
    - path: data/raw
      hash: md5
      md5: 8bf85f92b1860a8c4361696d1959b27d.dir
      size: 479272
      nfiles: 2
    - path: src/data_preprocessing.py
      hash: md5
      md5: 44afc3ca868abe2c4cc36f69888b246b
      size: 3967
    outs:
    - path: data/interim
      hash: md5
      md5: 464a8f7a09bf971cbde1cf97bb78b0dd.dir
      size: 252381
      nfiles: 2
  feature_engineering:
    cmd: python3 src/feature_engineering.py
    deps:
    - path: data/interim
      hash: md5
      md5: 464a8f7a09bf971cbde1cf97bb78b0dd.dir
      size: 252381
      nfiles: 2
    - path: src/feature_engineering.py
      hash: md5
      md5: d1867e9577c8a7aa5debeda82ed89bc2
      size: 3806
    params:
      params.yaml:
        feature_engineering.max_features: 30
    outs:
    - path: data/processed
      hash: md5
      md5: 217233bab4e010241ca866ae5d9a34d6.dir
      size: 709479
      nfiles: 2
  model_building:
    cmd: python3 src/model_building.py
    deps:
    - path: data/processed
      hash: md5
      md5: 217233bab4e010241ca866ae5d9a34d6.dir
      size: 709479
      nfiles: 2
    - path: src/model_building.py
      hash: md5
      md5: 7173e48049dffcd11ae288e310296c6e
      size: 4342
    params:
      params.yaml:
        model_building.n_estimators: 20
        model_building.random_state: 2
    outs:
    - path: models/model.pkl
      hash: md5
      md5: 65d753ad96d801a68cdf2faf6b73da48
      size: 645157
  model_evaluation:
    cmd: python3 src/model_evaluation.py
    deps:
    - path: models/model.pkl
      hash: md5
      md5: 65d753ad96d801a68cdf2faf6b73da48
      size: 645157
    - path: src/model_evaluation.py
      hash: md5
      md5: 7d87f8f5d021b930d84ecae8113e6abf
      size: 4512
    outs:
    - path: reports/metrics.json
      hash: md5
      md5: 340effbe2770929a08dfa66cb3599171
      size: 139
